
Microsoft Visual Studio Solution File, Format Version 12.00
Project("{FAE04EC0-301F-11D3-BF4B-00C04F79EFBC}") = "Chapter_1_Working_with_Component_Based_Architecture", "Chapter_1_Working_with_Component_Based_Architecture\Chapter_1_Working_with_Component_Based_Architecture\Chapter_1_Working_with_Component_Based_Architecture.csproj", "{78231A8B-DC6D-4897-B6BC-26CA24450558}"
EndProject
Project("{FAE04EC0-301F-11D3-BF4B-00C04F79EFBC}") = "Chapter_1_Working_with_Component_Based_Architecture.Client", "Chapter_1_Working_with_Component_Based_Architecture\Chapter_1_Working_with_Component_Based_Architecture.Client\Chapter_1_Working_with_Component_Based_Architecture.Client.csproj", "{C1BE327C-ED51-4E5D-9605-48C63EAF5053}"
EndProject
Project("{FAE04EC0-301F-11D3-BF4B-00C04F79EFBC}") = "Chapter_2_Synchronous_and_Asynchronous_Data_Binding", "Chapter_2_Synchronous_and_Asynchronous_Data_Binding\Chapter_2_Synchronous_and_Asynchronous_Data_Binding\Chapter_2_Synchronous_and_Asynchronous_Data_Binding.csproj", "{0EB44E2E-28A7-4B41-8C55-8F58D47E7EFB}"
EndProject
Project("{FAE04EC0-301F-11D3-BF4B-00C04F79EFBC}") = "Chapter_2_Synchronous_and_Asynchronous_Data_Binding.Client", "Chapter_2_Synchronous_and_Asynchronous_Data_Binding\Chapter_2_Synchronous_and_Asynchronous_Data_Binding.Client\Chapter_2_Synchronous_and_Asynchronous_Data_Binding.Client.csproj", "{29627C96-1C3A-46FD-9DF3-97663E5F73DB}"
EndProject
Project("{FAE04EC0-301F-11D3-BF4B-00C04F79EFBC}") = "Chapter_3_Taking_Control_of_Event_Handling", "Chapter_3_Taking_Control_of_Event_Handling\Chapter_3_Taking_Control_of_Event_Handling\Chapter_3_Taking_Control_of_Event_Handling.csproj", "{95D4EB0D-FA31-4090-820F-2A150C4878BF}"
EndProject
Project("{FAE04EC0-301F-11D3-BF4B-00C04F79EFBC}") = "Chapter_3_Taking_Control_of_Event_Handling.Client", "Chapter_3_Taking_Control_of_Event_Handling\Chapter_3_Taking_Control_of_Event_Handling.Client\Chapter_3_Taking_Control_of_Event_Handling.Client.csproj", "{F0980999-D688-4390-AAB3-4968C0425BD9}"
EndProject
Project("{FAE04EC0-301F-11D3-BF4B-00C04F79EFBC}") = "Chapter_4_Enhancing_Data_Display_with_Grids", "Chapter_4_Enhancing_Data_Display_with_Grids\Chapter_4_Enhancing_Data_Display_with_Grids\Chapter_4_Enhancing_Data_Display_with_Grids.csproj", "{3DE5BC21-7D2A-4675-8F40-5A3A8F7D8A45}"
EndProject
Project("{FAE04EC0-301F-11D3-BF4B-00C04F79EFBC}") = "Chapter_4_Enhancing_Data_Display_with_Grids.Client", "Chapter_4_Enhancing_Data_Display_with_Grids\Chapter_4_Enhancing_Data_Display_with_Grids.Client\Chapter_4_Enhancing_Data_Display_with_Grids.Client.csproj", "{2142814E-816C-4D78-A374-4C8FB87AAAB7}"
EndProject
Project("{FAE04EC0-301F-11D3-BF4B-00C04F79EFBC}") = "Chapter_5_Managing_Application_State", "Chapter_5_Managing_Application_State\Chapter_5_Managing_Application_State\Chapter_5_Managing_Application_State.csproj", "{E0C2BA9A-96AA-4CB2-A250-9083CDD3C1DF}"
EndProject
Project("{FAE04EC0-301F-11D3-BF4B-00C04F79EFBC}") = "Chapter_5_Managing_Application_State.Client", "Chapter_5_Managing_Application_State\Chapter_5_Managing_Application_State.Client\Chapter_5_Managing_Application_State.Client.csproj", "{1024852E-2B07-45B4-BF6A-BA91FE86C47F}"
EndProject
Global
	GlobalSection(SolutionConfigurationPlatforms) = preSolution
		Debug|Any CPU = Debug|Any CPU
		Release|Any CPU = Release|Any CPU
	EndGlobalSection
	GlobalSection(ProjectConfigurationPlatforms) = postSolution
		{78231A8B-DC6D-4897-B6BC-26CA24450558}.Debug|Any CPU.ActiveCfg = Debug|Any CPU
		{78231A8B-DC6D-4897-B6BC-26CA24450558}.Debug|Any CPU.Build.0 = Debug|Any CPU
		{78231A8B-DC6D-4897-B6BC-26CA24450558}.Release|Any CPU.ActiveCfg = Release|Any CPU
		{78231A8B-DC6D-4897-B6BC-26CA24450558}.Release|Any CPU.Build.0 = Release|Any CPU
		{C1BE327C-ED51-4E5D-9605-48C63EAF5053}.Debug|Any CPU.ActiveCfg = Debug|Any CPU
		{C1BE327C-ED51-4E5D-9605-48C63EAF5053}.Debug|Any CPU.Build.0 = Debug|Any CPU
		{C1BE327C-ED51-4E5D-9605-48C63EAF5053}.Release|Any CPU.ActiveCfg = Release|Any CPU
		{C1BE327C-ED51-4E5D-9605-48C63EAF5053}.Release|Any CPU.Build.0 = Release|Any CPU
		{0EB44E2E-28A7-4B41-8C55-8F58D47E7EFB}.Debug|Any CPU.ActiveCfg = Debug|Any CPU
		{0EB44E2E-28A7-4B41-8C55-8F58D47E7EFB}.Debug|Any CPU.Build.0 = Debug|Any CPU
		{0EB44E2E-28A7-4B41-8C55-8F58D47E7EFB}.Release|Any CPU.ActiveCfg = Release|Any CPU
		{0EB44E2E-28A7-4B41-8C55-8F58D47E7EFB}.Release|Any CPU.Build.0 = Release|Any CPU
		{29627C96-1C3A-46FD-9DF3-97663E5F73DB}.Debug|Any CPU.ActiveCfg = Debug|Any CPU
		{29627C96-1C3A-46FD-9DF3-97663E5F73DB}.Debug|Any CPU.Build.0 = Debug|Any CPU
		{29627C96-1C3A-46FD-9DF3-97663E5F73DB}.Release|Any CPU.ActiveCfg = Release|Any CPU
		{29627C96-1C3A-46FD-9DF3-97663E5F73DB}.Release|Any CPU.Build.0 = Release|Any CPU
		{95D4EB0D-FA31-4090-820F-2A150C4878BF}.Debug|Any CPU.ActiveCfg = Debug|Any CPU
		{95D4EB0D-FA31-4090-820F-2A150C4878BF}.Debug|Any CPU.Build.0 = Debug|Any CPU
		{95D4EB0D-FA31-4090-820F-2A150C4878BF}.Release|Any CPU.ActiveCfg = Release|Any CPU
		{95D4EB0D-FA31-4090-820F-2A150C4878BF}.Release|Any CPU.Build.0 = Release|Any CPU
		{F0980999-D688-4390-AAB3-4968C0425BD9}.Debug|Any CPU.ActiveCfg = Debug|Any CPU
		{F0980999-D688-4390-AAB3-4968C0425BD9}.Debug|Any CPU.Build.0 = Debug|Any CPU
		{F0980999-D688-4390-AAB3-4968C0425BD9}.Release|Any CPU.ActiveCfg = Release|Any CPU
		{F0980999-D688-4390-AAB3-4968C0425BD9}.Release|Any CPU.Build.0 = Release|Any CPU
		{3DE5BC21-7D2A-4675-8F40-5A3A8F7D8A45}.Debug|Any CPU.ActiveCfg = Debug|Any CPU
		{3DE5BC21-7D2A-4675-8F40-5A3A8F7D8A45}.Debug|Any CPU.Build.0 = Debug|Any CPU
		{3DE5BC21-7D2A-4675-8F40-5A3A8F7D8A45}.Release|Any CPU.ActiveCfg = Release|Any CPU
		{3DE5BC21-7D2A-4675-8F40-5A3A8F7D8A45}.Release|Any CPU.Build.0 = Release|Any CPU
		{2142814E-816C-4D78-A374-4C8FB87AAAB7}.Debug|Any CPU.ActiveCfg = Debug|Any CPU
		{2142814E-816C-4D78-A374-4C8FB87AAAB7}.Debug|Any CPU.Build.0 = Debug|Any CPU
		{2142814E-816C-4D78-A374-4C8FB87AAAB7}.Release|Any CPU.ActiveCfg = Release|Any CPU
		{2142814E-816C-4D78-A374-4C8FB87AAAB7}.Release|Any CPU.Build.0 = Release|Any CPU
		{E0C2BA9A-96AA-4CB2-A250-9083CDD3C1DF}.Debug|Any CPU.ActiveCfg = Debug|Any CPU
		{E0C2BA9A-96AA-4CB2-A250-9083CDD3C1DF}.Debug|Any CPU.Build.0 = Debug|Any CPU
		{E0C2BA9A-96AA-4CB2-A250-9083CDD3C1DF}.Release|Any CPU.ActiveCfg = Release|Any CPU
		{E0C2BA9A-96AA-4CB2-A250-9083CDD3C1DF}.Release|Any CPU.Build.0 = Release|Any CPU
		{1024852E-2B07-45B4-BF6A-BA91FE86C47F}.Debug|Any CPU.ActiveCfg = Debug|Any CPU
		{1024852E-2B07-45B4-BF6A-BA91FE86C47F}.Debug|Any CPU.Build.0 = Debug|Any CPU
		{1024852E-2B07-45B4-BF6A-BA91FE86C47F}.Release|Any CPU.ActiveCfg = Release|Any CPU
		{1024852E-2B07-45B4-BF6A-BA91FE86C47F}.Release|Any CPU.Build.0 = Release|Any CPU
	EndGlobalSection
EndGlobal
